<?xml version="1.0" encoding="utf-8"?>
<Project ToolsVersion="4.0" xmlns="http://schemas.microsoft.com/developer/msbuild/2003">
  <ItemGroup>
    <Filter Include="Source Files">
      <UniqueIdentifier>{4FC737F1-C7A5-4376-A066-2A32D752A2FF}</UniqueIdentifier>
      <Extensions>cpp;cxx;c;def</Extensions>
    </Filter>
    <Filter Include="Header Files">
      <UniqueIdentifier>{93995380-89BD-4b04-88EB-625FBE52EBFB}</UniqueIdentifier>
      <Extensions>h</Extensions>
    </Filter>
    <Filter Include="Form Files">
      <UniqueIdentifier>{99349809-55BA-4b9d-BF79-8FDBB0286EB3}</UniqueIdentifier>
      <Extensions>ui</Extensions>
    </Filter>
    <Filter Include="Resource Files">
      <UniqueIdentifier>{D9D6E242-F8AF-46E4-B9FD-80ECBC20BA3E}</UniqueIdentifier>
      <Extensions>qrc;*</Extensions>
      <ParseFiles>false</ParseFiles>
    </Filter>
    <Filter Include="Generated Files">
      <UniqueIdentifier>{71ED8ED8-ACB9-4CE9-BBE1-E00B30144E11}</UniqueIdentifier>
      <Extensions>moc;h;cpp</Extensions>
      <SourceControlFiles>False</SourceControlFiles>
    </Filter>
    <Filter Include="Generated Files\Debug">
      <UniqueIdentifier>{75d18022-0ddc-4db9-8dcf-e3816a66108d}</UniqueIdentifier>
      <Extensions>cpp;moc</Extensions>
      <SourceControlFiles>False</SourceControlFiles>
    </Filter>
    <Filter Include="Generated Files\Release">
      <UniqueIdentifier>{ec7b8004-7e4d-459b-9663-7b34b8ee103f}</UniqueIdentifier>
      <Extensions>cpp;moc</Extensions>
      <SourceControlFiles>False</SourceControlFiles>
    </Filter>
    <Filter Include="Translation Files">
      <UniqueIdentifier>{639EADAA-A684-42e4-A9AD-28FC9BCB8F7C}</UniqueIdentifier>
      <Extensions>ts</Extensions>
      <ParseFiles>false</ParseFiles>
    </Filter>
  </ItemGroup>
  <ItemGroup>
    <ClCompile Include="main.cpp">
      <Filter>Source Files</Filter>
    </ClCompile>
    <ClCompile Include="DPIWriter.cpp">
      <Filter>Source Files</Filter>
    </ClCompile>
    <ClCompile Include="Dialog.cpp">
      <Filter>Source Files</Filter>
    </ClCompile>
    <ClCompile Include="DetectionCore.cpp">
      <Filter>Source Files</Filter>
    </ClCompile>
    <ClCompile Include="DPIManager.cpp">
      <Filter>Source Files</Filter>
    </ClCompile>
    <ClCompile Include="WorkerThread.cpp">
      <Filter>Source Files</Filter>
    </ClCompile>
  </ItemGroup>
  <ItemGroup>
    <CustomBuild Include="Dialog.h">
      <Filter>Header Files</Filter>
    </CustomBuild>
    <CustomBuild Include="WorkerThread.h">
      <Filter>Header Files</Filter>
    </CustomBuild>
    <CustomBuild Include="opendpigui.ui">
      <Filter>Form Files</Filter>
    </CustomBuild>
  </ItemGroup>
  <ItemGroup>
    <ClInclude Include="DPIWriter.h">
      <Filter>Header Files</Filter>
    </ClInclude>
    <ClInclude Include="FileManipulationException.h">
      <Filter>Header Files</Filter>
    </ClInclude>
    <ClInclude Include="DPIRuntimeException.h">
      <Filter>Header Files</Filter>
    </ClInclude>
    <ClInclude Include="DetectionCore.h">
      <Filter>Header Files</Filter>
    </ClInclude>
    <ClInclude Include="DetectionFailureException.h">
      <Filter>Header Files</Filter>
    </ClInclude>
    <ClInclude Include="DPIManager.h">
      <Filter>Header Files</Filter>
    </ClInclude>
    <ClInclude Include="IllegalParameterException.h">
      <Filter>Header Files</Filter>
    </ClInclude>
    <ClInclude Include="ProgressEvent.h">
      <Filter>Header Files</Filter>
    </ClInclude>
    <ClInclude Include="EnumTypes.h">
      <Filter>Header Files</Filter>
    </ClInclude>
    <ClInclude Include="OperationFinishedEvent.h">
      <Filter>Header Files</Filter>
    </ClInclude>
    <ClInclude Include="OperationFinishedListener.h">
      <Filter>Header Files</Filter>
    </ClInclude>
    <ClInclude Include="ProgressListener.h">
      <Filter>Header Files</Filter>
    </ClInclude>
    <ClInclude Include="GeneratedFiles\ui_opendpigui.h">
      <Filter>Generated Files</Filter>
    </ClInclude>
  </ItemGroup>
  <ItemGroup>
    <Object Include="Release\intermediate\moc_WorkerThread.obj">
      <Filter>Generated Files\Release</Filter>
    </Object>
    <Object Include="Release\intermediate\moc_Dialog.obj">
      <Filter>Generated Files\Release</Filter>
    </Object>
  </ItemGroup>
  <ItemGroup>
    <None Include="opendpidetector_cs.ts">
      <Filter>Translation Files</Filter>
    </None>
    <None Include="opendpidetector_en.ts">
      <Filter>Translation Files</Filter>
    </None>
    <None Include="opendpidetector_sk.ts">
      <Filter>Translation Files</Filter>
    </None>
  </ItemGroup>
</Project>